
Microsoft Visual Studio Solution File, Format Version 12.00
Project("{FAE04EC0-301F-11D3-BF4B-00C04F79EFBC}") = "TallyCounter", "TallyCounter\TallyCounter.csproj", "{9C976CE0-9143-4839-B237-CB23D2E2585C}"
EndProject
Global
	GlobalSection(SolutionConfigurationPlatforms) = preSolution
		Debug|Any CPU = Debug|Any CPU
		Release|Any CPU = Release|Any CPU
	EndGlobalSection
	GlobalSection(ProjectConfigurationPlatforms) = postSolution
		{9C976CE0-9143-4839-B237-CB23D2E2585C}.Debug|Any CPU.ActiveCfg = Debug|Any CPU
		{9C976CE0-9143-4839-B237-CB23D2E2585C}.Debug|Any CPU.Build.0 = Debug|Any CPU
		{9C976CE0-9143-4839-B237-CB23D2E2585C}.Release|Any CPU.ActiveCfg = Release|Any CPU
		{9C976CE0-9143-4839-B237-CB23D2E2585C}.Release|Any CPU.Build.0 = Release|Any CPU
	EndGlobalSection
EndGlobal
